
Microsoft Visual Studio Solution File, Format Version 12.00
# Visual Studio 15
VisualStudioVersion = 15.0.28307.136
MinimumVisualStudioVersion = 10.0.40219.1
Project("{FAE04EC0-301F-11D3-BF4B-00C04F79EFBC}") = "dbfzv1", "dbfzv1\dbfzv1.csproj", "{E4672CC4-80E4-4DAF-83D5-E91065E2B27B}"
EndProject
Global
	GlobalSection(SolutionConfigurationPlatforms) = preSolution
		Debug|Any CPU = Debug|Any CPU
		Release|Any CPU = Release|Any CPU
	EndGlobalSection
	GlobalSection(ProjectConfigurationPlatforms) = postSolution
		{E4672CC4-80E4-4DAF-83D5-E91065E2B27B}.Debug|Any CPU.ActiveCfg = Debug|Any CPU
		{E4672CC4-80E4-4DAF-83D5-E91065E2B27B}.Debug|Any CPU.Build.0 = Debug|Any CPU
		{E4672CC4-80E4-4DAF-83D5-E91065E2B27B}.Debug|Any CPU.Deploy.0 = Debug|Any CPU
		{E4672CC4-80E4-4DAF-83D5-E91065E2B27B}.Release|Any CPU.ActiveCfg = Release|Any CPU
		{E4672CC4-80E4-4DAF-83D5-E91065E2B27B}.Release|Any CPU.Build.0 = Release|Any CPU
		{E4672CC4-80E4-4DAF-83D5-E91065E2B27B}.Release|Any CPU.Deploy.0 = Release|Any CPU
	EndGlobalSection
	GlobalSection(SolutionProperties) = preSolution
		HideSolutionNode = FALSE
	EndGlobalSection
	GlobalSection(ExtensibilityGlobals) = postSolution
		SolutionGuid = {C8BCC98C-D227-48BD-93AE-AE7791AD6DED}
	EndGlobalSection
EndGlobal
